// !$*UTF8*$!
{
	archiveVersion = 1;
	classes = {
	};
	objectVersion = 50;
	objects = {

/* Begin PBXBuildFile section */
		BB08C14C2694E82400943034 /* AppDelegate.m in Sources */ = {isa = PBXBuildFile; fileRef = BB08C14B2694E82400943034 /* AppDelegate.m */; };
		BB08C14F2694E82400943034 /* SceneDelegate.m in Sources */ = {isa = PBXBuildFile; fileRef = BB08C14E2694E82400943034 /* SceneDelegate.m */; };
		BB08C1522694E82400943034 /* ViewController.m in Sources */ = {isa = PBXBuildFile; fileRef = BB08C1512694E82400943034 /* ViewController.m */; };
		BB08C1552694E82400943034 /* Main.storyboard in Resources */ = {isa = PBXBuildFile; fileRef = BB08C1532694E82400943034 /* Main.storyboard */; };
		BB08C1572694E82500943034 /* Assets.xcassets in Resources */ = {isa = PBXBuildFile; fileRef = BB08C1562694E82500943034 /* Assets.xcassets */; };
		BB08C15A2694E82500943034 /* LaunchScreen.storyboard in Resources */ = {isa = PBXBuildFile; fileRef = BB08C1582694E82500943034 /* LaunchScreen.storyboard */; };
		BB08C15D2694E82500943034 /* main.m in Sources */ = {isa = PBXBuildFile; fileRef = BB08C15C2694E82500943034 /* main.m */; };
		BB08C1672694E82600943034 /* InstagramTests.m in Sources */ = {isa = PBXBuildFile; fileRef = BB08C1662694E82600943034 /* InstagramTests.m */; };
		BB08C1722694E82600943034 /* InstagramUITests.m in Sources */ = {isa = PBXBuildFile; fileRef = BB08C1712694E82600943034 /* InstagramUITests.m */; };
/* End PBXBuildFile section */

/* Begin PBXContainerItemProxy section */
		BB08C1632694E82600943034 /* PBXContainerItemProxy */ = {
			isa = PBXContainerItemProxy;
			containerPortal = BB08C13F2694E82400943034 /* Project object */;
			proxyType = 1;
			remoteGlobalIDString = BB08C1462694E82400943034;
			remoteInfo = Instagram;
		};
		BB08C16E2694E82600943034 /* PBXContainerItemProxy */ = {
			isa = PBXContainerItemProxy;
			containerPortal = BB08C13F2694E82400943034 /* Project object */;
			proxyType = 1;
			remoteGlobalIDString = BB08C1462694E82400943034;
			remoteInfo = Instagram;
		};
/* End PBXContainerItemProxy section */

/* Begin PBXFileReference section */
		BB08C1472694E82400943034 /* Instagram.app */ = {isa = PBXFileReference; explicitFileType = wrapper.application; includeInIndex = 0; path = Instagram.app; sourceTree = BUILT_PRODUCTS_DIR; };
		BB08C14A2694E82400943034 /* AppDelegate.h */ = {isa = PBXFileReference; lastKnownFileType = sourcecode.c.h; path = AppDelegate.h; sourceTree = "<group>"; };
		BB08C14B2694E82400943034 /* AppDelegate.m */ = {isa = PBXFileReference; lastKnownFileType = sourcecode.c.objc; path = AppDelegate.m; sourceTree = "<group>"; };
		BB08C14D2694E82400943034 /* SceneDelegate.h */ = {isa = PBXFileReference; lastKnownFileType = sourcecode.c.h; path = SceneDelegate.h; sourceTree = "<group>"; };
		BB08C14E2694E82400943034 /* SceneDelegate.m */ = {isa = PBXFileReference; lastKnownFileType = sourcecode.c.objc; path = SceneDelegate.m; sourceTree = "<group>"; };
		BB08C1502694E82400943034 /* ViewController.h */ = {isa = PBXFileReference; lastKnownFileType = sourcecode.c.h; path = ViewController.h; sourceTree = "<group>"; };
		BB08C1512694E82400943034 /* ViewController.m */ = {isa = PBXFileReference; lastKnownFileType = sourcecode.c.objc; path = ViewController.m; sourceTree = "<group>"; };
		BB08C1542694E82400943034 /* Base */ = {isa = PBXFileReference; lastKnownFileType = file.storyboard; name = Base; path = Base.lproj/Main.storyboard; sourceTree = "<group>"; };
		BB08C1562694E82500943034 /* Assets.xcassets */ = {isa = PBXFileReference; lastKnownFileType = folder.assetcatalog; path = Assets.xcassets; sourceTree = "<group>"; };
		BB08C1592694E82500943034 /* Base */ = {isa = PBXFileReference; lastKnownFileType = file.storyboard; name = Base; path = Base.lproj/LaunchScreen.storyboard; sourceTree = "<group>"; };
		BB08C15B2694E82500943034 /* Info.plist */ = {isa = PBXFileReference; lastKnownFileType = text.plist.xml; path = Info.plist; sourceTree = "<group>"; };
		BB08C15C2694E82500943034 /* main.m */ = {isa = PBXFileReference; lastKnownFileType = sourcecode.c.objc; path = main.m; sourceTree = "<group>"; };
		BB08C1622694E82600943034 /* InstagramTests.xctest */ = {isa = PBXFileReference; explicitFileType = wrapper.cfbundle; includeInIndex = 0; path = InstagramTests.xctest; sourceTree = BUILT_PRODUCTS_DIR; };
		BB08C1662694E82600943034 /* InstagramTests.m */ = {isa = PBXFileReference; lastKnownFileType = sourcecode.c.objc; path = InstagramTests.m; sourceTree = "<group>"; };
		BB08C1682694E82600943034 /* Info.plist */ = {isa = PBXFileReference; lastKnownFileType = text.plist.xml; path = Info.plist; sourceTree = "<group>"; };
		BB08C16D2694E82600943034 /* InstagramUITests.xctest */ = {isa = PBXFileReference; explicitFileType = wrapper.cfbundle; includeInIndex = 0; path = InstagramUITests.xctest; sourceTree = BUILT_PRODUCTS_DIR; };
		BB08C1712694E82600943034 /* InstagramUITests.m */ = {isa = PBXFileReference; lastKnownFileType = sourcecode.c.objc; path = InstagramUITests.m; sourceTree = "<group>"; };
		BB08C1732694E82600943034 /* Info.plist */ = {isa = PBXFileReference; lastKnownFileType = text.plist.xml; path = Info.plist; sourceTree = "<group>"; };
/* End PBXFileReference section */

/* Begin PBXFrameworksBuildPhase section */
		BB08C1442694E82400943034 /* Frameworks */ = {
			isa = PBXFrameworksBuildPhase;
			buildActionMask = 2147483647;
			files = (
			);
			runOnlyForDeploymentPostprocessing = 0;
		};
		BB08C15F2694E82600943034 /* Frameworks */ = {
			isa = PBXFrameworksBuildPhase;
			buildActionMask = 2147483647;
			files = (
			);
			runOnlyForDeploymentPostprocessing = 0;
		};
		BB08C16A2694E82600943034 /* Frameworks */ = {
			isa = PBXFrameworksBuildPhase;
			buildActionMask = 2147483647;
			files = (
			);
			runOnlyForDeploymentPostprocessing = 0;
		};
/* End PBXFrameworksBuildPhase section */

/* Begin PBXGroup section */
		BB08C13E2694E82400943034 = {
			isa = PBXGroup;
			children = (
				BB08C1492694E82400943034 /* Instagram */,
				BB08C1652694E82600943034 /* InstagramTests */,
				BB08C1702694E82600943034 /* InstagramUITests */,
				BB08C1482694E82400943034 /* Products */,
			);
			sourceTree = "<group>";
		};
		BB08C1482694E82400943034 /* Products */ = {
			isa = PBXGroup;
			children = (
				BB08C1472694E82400943034 /* Instagram.app */,
				BB08C1622694E82600943034 /* InstagramTests.xctest */,
				BB08C16D2694E82600943034 /* InstagramUITests.xctest */,
			);
			name = Products;
			sourceTree = "<group>";
		};
		BB08C1492694E82400943034 /* Instagram */ = {
			isa = PBXGroup;
			children = (
				BB08C14A2694E82400943034 /* AppDelegate.h */,
				BB08C14B2694E82400943034 /* AppDelegate.m */,
				BB08C14D2694E82400943034 /* SceneDelegate.h */,
				BB08C14E2694E82400943034 /* SceneDelegate.m */,
				BB08C1502694E82400943034 /* ViewController.h */,
				BB08C1512694E82400943034 /* ViewController.m */,
				BB08C1532694E82400943034 /* Main.storyboard */,
				BB08C1562694E82500943034 /* Assets.xcassets */,
				BB08C1582694E82500943034 /* LaunchScreen.storyboard */,
				BB08C15B2694E82500943034 /* Info.plist */,
				BB08C15C2694E82500943034 /* main.m */,
			);
			path = Instagram;
			sourceTree = "<group>";
		};
		BB08C1652694E82600943034 /* InstagramTests */ = {
			isa = PBXGroup;
			children = (
				BB08C1662694E82600943034 /* InstagramTests.m */,
				BB08C1682694E82600943034 /* Info.plist */,
			);
			path = InstagramTests;
			sourceTree = "<group>";
		};
		BB08C1702694E82600943034 /* InstagramUITests */ = {
			isa = PBXGroup;
			children = (
				BB08C1712694E82600943034 /* InstagramUITests.m */,
				BB08C1732694E82600943034 /* Info.plist */,
			);
			path = InstagramUITests;
			sourceTree = "<group>";
		};
/* End PBXGroup section */

/* Begin PBXNativeTarget section */
		BB08C1462694E82400943034 /* Instagram */ = {
			isa = PBXNativeTarget;
			buildConfigurationList = BB08C1762694E82600943034 /* Build configuration list for PBXNativeTarget "Instagram" */;
			buildPhases = (
				BB08C1432694E82400943034 /* Sources */,
				BB08C1442694E82400943034 /* Frameworks */,
				BB08C1452694E82400943034 /* Resources */,
			);
			buildRules = (
			);
			dependencies = (
			);
			name = Instagram;
			productName = Instagram;
			productReference = BB08C1472694E82400943034 /* Instagram.app */;
			productType = "com.apple.product-type.application";
		};
		BB08C1612694E82600943034 /* InstagramTests */ = {
			isa = PBXNativeTarget;
			buildConfigurationList = BB08C1792694E82600943034 /* Build configuration list for PBXNativeTarget "InstagramTests" */;
			buildPhases = (
				BB08C15E2694E82600943034 /* Sources */,
				BB08C15F2694E82600943034 /* Frameworks */,
				BB08C1602694E82600943034 /* Resources */,
			);
			buildRules = (
			);
			dependencies = (
				BB08C1642694E82600943034 /* PBXTargetDependency */,
			);
			name = InstagramTests;
			productName = InstagramTests;
			productReference = BB08C1622694E82600943034 /* InstagramTests.xctest */;
			productType = "com.apple.product-type.bundle.unit-test";
		};
		BB08C16C2694E82600943034 /* InstagramUITests */ = {
			isa = PBXNativeTarget;
			buildConfigurationList = BB08C17C2694E82600943034 /* Build configuration list for PBXNativeTarget "InstagramUITests" */;
			buildPhases = (
				BB08C1692694E82600943034 /* Sources */,
				BB08C16A2694E82600943034 /* Frameworks */,
				BB08C16B2694E82600943034 /* Resources */,
			);
			buildRules = (
			);
			dependencies = (
				BB08C16F2694E82600943034 /* PBXTargetDependency */,
			);
			name = InstagramUITests;
			productName = InstagramUITests;
			productReference = BB08C16D2694E82600943034 /* InstagramUITests.xctest */;
			productType = "com.apple.product-type.bundle.ui-testing";
		};
/* End PBXNativeTarget section */

/* Begin PBXProject section */
		BB08C13F2694E82400943034 /* Project object */ = {
			isa = PBXProject;
			attributes = {
				LastUpgradeCheck = 1250;
				TargetAttributes = {
					BB08C1462694E82400943034 = {
						CreatedOnToolsVersion = 12.5.1;
					};
					BB08C1612694E82600943034 = {
						CreatedOnToolsVersion = 12.5.1;
						TestTargetID = BB08C1462694E82400943034;
					};
					BB08C16C2694E82600943034 = {
						CreatedOnToolsVersion = 12.5.1;
						TestTargetID = BB08C1462694E82400943034;
					};
				};
			};
			buildConfigurationList = BB08C1422694E82400943034 /* Build configuration list for PBXProject "Instagram" */;
			compatibilityVersion = "Xcode 9.3";
			developmentRegion = en;
			hasScannedForEncodings = 0;
			knownRegions = (
				en,
				Base,
			);
			mainGroup = BB08C13E2694E82400943034;
			productRefGroup = BB08C1482694E82400943034 /* Products */;
			projectDirPath = "";
			projectRoot = "";
			targets = (
				BB08C1462694E82400943034 /* Instagram */,
				BB08C1612694E82600943034 /* InstagramTests */,
				BB08C16C2694E82600943034 /* InstagramUITests */,
			);
		};
/* End PBXProject section */

/* Begin PBXResourcesBuildPhase section */
		BB08C1452694E82400943034 /* Resources */ = {
			isa = PBXResourcesBuildPhase;
			buildActionMask = 2147483647;
			files = (
				BB08C15A2694E82500943034 /* LaunchScreen.storyboard in Resources */,
				BB08C1572694E82500943034 /* Assets.xcassets in Resources */,
				BB08C1552694E82400943034 /* Main.storyboard in Resources */,
			);
			runOnlyForDeploymentPostprocessing = 0;
		};
		BB08C1602694E82600943034 /* Resources */ = {
			isa = PBXResourcesBuildPhase;
			buildActionMask = 2147483647;
			files = (
			);
			runOnlyForDeploymentPostprocessing = 0;
		};
		BB08C16B2694E82600943034 /* Resources */ = {
			isa = PBXResourcesBuildPhase;
			buildActionMask = 2147483647;
			files = (
			);
			runOnlyForDeploymentPostprocessing = 0;
		};
/* End PBXResourcesBuildPhase section */

/* Begin PBXSourcesBuildPhase section */
		BB08C1432694E82400943034 /* Sources */ = {
			isa = PBXSourcesBuildPhase;
			buildActionMask = 2147483647;
			files = (
				BB08C1522694E82400943034 /* ViewController.m in Sources */,
				BB08C14C2694E82400943034 /* AppDelegate.m in Sources */,
				BB08C15D2694E82500943034 /* main.m in Sources */,
				BB08C14F2694E82400943034 /* SceneDelegate.m in Sources */,
			);
			runOnlyForDeploymentPostprocessing = 0;
		};
		BB08C15E2694E82600943034 /* Sources */ = {
			isa = PBXSourcesBuildPhase;
			buildActionMask = 2147483647;
			files = (
				BB08C1672694E82600943034 /* InstagramTests.m in Sources */,
			);
			runOnlyForDeploymentPostprocessing = 0;
		};
		BB08C1692694E82600943034 /* Sources */ = {
			isa = PBXSourcesBuildPhase;
			buildActionMask = 2147483647;
			files = (
				BB08C1722694E82600943034 /* InstagramUITests.m in Sources */,
			);
			runOnlyForDeploymentPostprocessing = 0;
		};
/* End PBXSourcesBuildPhase section */

/* Begin PBXTargetDependency section */
		BB08C1642694E82600943034 /* PBXTargetDependency */ = {
			isa = PBXTargetDependency;
			target = BB08C1462694E82400943034 /* Instagram */;
			targetProxy = BB08C1632694E82600943034 /* PBXContainerItemProxy */;
		};
		BB08C16F2694E82600943034 /* PBXTargetDependency */ = {
			isa = PBXTargetDependency;
			target = BB08C1462694E82400943034 /* Instagram */;
			targetProxy = BB08C16E2694E82600943034 /* PBXContainerItemProxy */;
		};
/* End PBXTargetDependency section */

/* Begin PBXVariantGroup section */
		BB08C1532694E82400943034 /* Main.storyboard */ = {
			isa = PBXVariantGroup;
			children = (
				BB08C1542694E82400943034 /* Base */,
			);
			name = Main.storyboard;
			sourceTree = "<group>";
		};
		BB08C1582694E82500943034 /* LaunchScreen.storyboard */ = {
			isa = PBXVariantGroup;
			children = (
				BB08C1592694E82500943034 /* Base */,
			);
			name = LaunchScreen.storyboard;
			sourceTree = "<group>";
		};
/* End PBXVariantGroup section */

/* Begin XCBuildConfiguration section */
		BB08C1742694E82600943034 /* Debug */ = {
			isa = XCBuildConfiguration;
			buildSettings = {
				ALWAYS_SEARCH_USER_PATHS = NO;
				CLANG_ANALYZER_NONNULL = YES;
				CLANG_ANALYZER_NUMBER_OBJECT_CONVERSION = YES_AGGRESSIVE;
				CLANG_CXX_LANGUAGE_STANDARD = "gnu++14";
				CLANG_CXX_LIBRARY = "libc++";
				CLANG_ENABLE_MODULES = YES;
				CLANG_ENABLE_OBJC_ARC = YES;
				CLANG_ENABLE_OBJC_WEAK = YES;
				CLANG_WARN_BLOCK_CAPTURE_AUTORELEASING = YES;
				CLANG_WARN_BOOL_CONVERSION = YES;
				CLANG_WARN_COMMA = YES;
				CLANG_WARN_CONSTANT_CONVERSION = YES;
				CLANG_WARN_DEPRECATED_OBJC_IMPLEMENTATIONS = YES;
				CLANG_WARN_DIRECT_OBJC_ISA_USAGE = YES_ERROR;
				CLANG_WARN_DOCUMENTATION_COMMENTS = YES;
				CLANG_WARN_EMPTY_BODY = YES;
				CLANG_WARN_ENUM_CONVERSION = YES;
				CLANG_WARN_INFINITE_RECURSION = YES;
				CLANG_WARN_INT_CONVERSION = YES;
				CLANG_WARN_NON_LITERAL_NULL_CONVERSION = YES;
				CLANG_WARN_OBJC_IMPLICIT_RETAIN_SELF = YES;
				CLANG_WARN_OBJC_LITERAL_CONVERSION = YES;
				CLANG_WARN_OBJC_ROOT_CLASS = YES_ERROR;
				CLANG_WARN_QUOTED_INCLUDE_IN_FRAMEWORK_HEADER = YES;
				CLANG_WARN_RANGE_LOOP_ANALYSIS = YES;
				CLANG_WARN_STRICT_PROTOTYPES = YES;
				CLANG_WARN_SUSPICIOUS_MOVE = YES;
				CLANG_WARN_UNGUARDED_AVAILABILITY = YES_AGGRESSIVE;
				CLANG_WARN_UNREACHABLE_CODE = YES;
				CLANG_WARN__DUPLICATE_METHOD_MATCH = YES;
				COPY_PHASE_STRIP = NO;
				DEBUG_INFORMATION_FORMAT = dwarf;
				ENABLE_STRICT_OBJC_MSGSEND = YES;
				ENABLE_TESTABILITY = YES;
				GCC_C_LANGUAGE_STANDARD = gnu11;
				GCC_DYNAMIC_NO_PIC = NO;
				GCC_NO_COMMON_BLOCKS = YES;
				GCC_OPTIMIZATION_LEVEL = 0;
				GCC_PREPROCESSOR_DEFINITIONS = (
					"DEBUG=1",
					"$(inherited)",
				);
				GCC_WARN_64_TO_32_BIT_CONVERSION = YES;
				GCC_WARN_ABOUT_RETURN_TYPE = YES_ERROR;
				GCC_WARN_UNDECLARED_SELECTOR = YES;
				GCC_WARN_UNINITIALIZED_AUTOS = YES_AGGRESSIVE;
				GCC_WARN_UNUSED_FUNCTION = YES;
				GCC_WARN_UNUSED_VARIABLE = YES;
				IPHONEOS_DEPLOYMENT_TARGET = 14.5;
				MTL_ENABLE_DEBUG_INFO = INCLUDE_SOURCE;
				MTL_FAST_MATH = YES;
				ONLY_ACTIVE_ARCH = YES;
				SDKROOT = iphoneos;
			};
			name = Debug;
		};
		BB08C1752694E82600943034 /* Release */ = {
			isa = XCBuildConfiguration;
			buildSettings = {
				ALWAYS_SEARCH_USER_PATHS = NO;
				CLANG_ANALYZER_NONNULL = YES;
				CLANG_ANALYZER_NUMBER_OBJECT_CONVERSION = YES_AGGRESSIVE;
				CLANG_CXX_LANGUAGE_STANDARD = "gnu++14";
				CLANG_CXX_LIBRARY = "libc++";
				CLANG_ENABLE_MODULES = YES;
				CLANG_ENABLE_OBJC_ARC = YES;
				CLANG_ENABLE_OBJC_WEAK = YES;
				CLANG_WARN_BLOCK_CAPTURE_AUTORELEASING = YES;
				CLANG_WARN_BOOL_CONVERSION = YES;
				CLANG_WARN_COMMA = YES;
				CLANG_WARN_CONSTANT_CONVERSION = YES;
				CLANG_WARN_DEPRECATED_OBJC_IMPLEMENTATIONS = YES;
				CLANG_WARN_DIRECT_OBJC_ISA_USAGE = YES_ERROR;
				CLANG_WARN_DOCUMENTATION_COMMENTS = YES;
				CLANG_WARN_EMPTY_BODY = YES;
				CLANG_WARN_ENUM_CONVERSION = YES;
				CLANG_WARN_INFINITE_RECURSION = YES;
				CLANG_WARN_INT_CONVERSION = YES;
				CLANG_WARN_NON_LITERAL_NULL_CONVERSION = YES;
				CLANG_WARN_OBJC_IMPLICIT_RETAIN_SELF = YES;
				CLANG_WARN_OBJC_LITERAL_CONVERSION = YES;
				CLANG_WARN_OBJC_ROOT_CLASS = YES_ERROR;
				CLANG_WARN_QUOTED_INCLUDE_IN_FRAMEWORK_HEADER = YES;
				CLANG_WARN_RANGE_LOOP_ANALYSIS = YES;
				CLANG_WARN_STRICT_PROTOTYPES = YES;
				CLANG_WARN_SUSPICIOUS_MOVE = YES;
				CLANG_WARN_UNGUARDED_AVAILABILITY = YES_AGGRESSIVE;
				CLANG_WARN_UNREACHABLE_CODE = YES;
				CLANG_WARN__DUPLICATE_METHOD_MATCH = YES;
				COPY_PHASE_STRIP = NO;
				DEBUG_INFORMATION_FORMAT = "dwarf-with-dsym";
				ENABLE_NS_ASSERTIONS = NO;
				ENABLE_STRICT_OBJC_MSGSEND = YES;
				GCC_C_LANGUAGE_STANDARD = gnu11;
				GCC_NO_COMMON_BLOCKS = YES;
				GCC_WARN_64_TO_32_BIT_CONVERSION = YES;
				GCC_WARN_ABOUT_RETURN_TYPE = YES_ERROR;
				GCC_WARN_UNDECLARED_SELECTOR = YES;
				GCC_WARN_UNINITIALIZED_AUTOS = YES_AGGRESSIVE;
				GCC_WARN_UNUSED_FUNCTION = YES;
				GCC_WARN_UNUSED_VARIABLE = YES;
				IPHONEOS_DEPLOYMENT_TARGET = 14.5;
				MTL_ENABLE_DEBUG_INFO = NO;
				MTL_FAST_MATH = YES;
				SDKROOT = iphoneos;
				VALIDATE_PRODUCT = YES;
			};
			name = Release;
		};
		BB08C1772694E82600943034 /* Debug */ = {
			isa = XCBuildConfiguration;
			buildSettings = {
				ASSETCATALOG_COMPILER_APPICON_NAME = AppIcon;
				ASSETCATALOG_COMPILER_GLOBAL_ACCENT_COLOR_NAME = AccentColor;
				CODE_SIGN_STYLE = Automatic;
				DEVELOPMENT_TEAM = GL963PV45Q;
				INFOPLIST_FILE = Instagram/Info.plist;
				LD_RUNPATH_SEARCH_PATHS = (
					"$(inherited)",
					"@executable_path/Frameworks",
				);
				PRODUCT_BUNDLE_IDENTIFIER = com.codepath.Instagram;
				PRODUCT_NAME = "$(TARGET_NAME)";
				TARGETED_DEVICE_FAMILY = "1,2";
			};
			name = Debug;
		};
		BB08C1782694E82600943034 /* Release */ = {
			isa = XCBuildConfiguration;
			buildSettings = {
				ASSETCATALOG_COMPILER_APPICON_NAME = AppIcon;
				ASSETCATALOG_COMPILER_GLOBAL_ACCENT_COLOR_NAME = AccentColor;
				CODE_SIGN_STYLE = Automatic;
				DEVELOPMENT_TEAM = GL963PV45Q;
				INFOPLIST_FILE = Instagram/Info.plist;
				LD_RUNPATH_SEARCH_PATHS = (
					"$(inherited)",
					"@executable_path/Frameworks",
				);
				PRODUCT_BUNDLE_IDENTIFIER = com.codepath.Instagram;
				PRODUCT_NAME = "$(TARGET_NAME)";
				TARGETED_DEVICE_FAMILY = "1,2";
			};
			name = Release;
		};
		BB08C17A2694E82600943034 /* Debug */ = {
			isa = XCBuildConfiguration;
			buildSettings = {
				BUNDLE_LOADER = "$(TEST_HOST)";
				CODE_SIGN_STYLE = Automatic;
				DEVELOPMENT_TEAM = GL963PV45Q;
				INFOPLIST_FILE = InstagramTests/Info.plist;
				IPHONEOS_DEPLOYMENT_TARGET = 14.5;
				LD_RUNPATH_SEARCH_PATHS = (
					"$(inherited)",
					"@executable_path/Frameworks",
					"@loader_path/Frameworks",
				);
				PRODUCT_BUNDLE_IDENTIFIER = com.codepath.InstagramTests;
				PRODUCT_NAME = "$(TARGET_NAME)";
				TARGETED_DEVICE_FAMILY = "1,2";
				TEST_HOST = "$(BUILT_PRODUCTS_DIR)/Instagram.app/Instagram";
			};
			name = Debug;
		};
		BB08C17B2694E82600943034 /* Release */ = {
			isa = XCBuildConfiguration;
			buildSettings = {
				BUNDLE_LOADER = "$(TEST_HOST)";
				CODE_SIGN_STYLE = Automatic;
				DEVELOPMENT_TEAM = GL963PV45Q;
				INFOPLIST_FILE = InstagramTests/Info.plist;
				IPHONEOS_DEPLOYMENT_TARGET = 14.5;
				LD_RUNPATH_SEARCH_PATHS = (
					"$(inherited)",
					"@executable_path/Frameworks",
					"@loader_path/Frameworks",
				);
				PRODUCT_BUNDLE_IDENTIFIER = com.codepath.InstagramTests;
				PRODUCT_NAME = "$(TARGET_NAME)";
				TARGETED_DEVICE_FAMILY = "1,2";
				TEST_HOST = "$(BUILT_PRODUCTS_DIR)/Instagram.app/Instagram";
			};
			name = Release;
		};
		BB08C17D2694E82600943034 /* Debug */ = {
			isa = XCBuildConfiguration;
			buildSettings = {
				CODE_SIGN_STYLE = Automatic;
				DEVELOPMENT_TEAM = GL963PV45Q;
				INFOPLIST_FILE = InstagramUITests/Info.plist;
				LD_RUNPATH_SEARCH_PATHS = (
					"$(inherited)",
					"@executable_path/Frameworks",
					"@loader_path/Frameworks",
				);
				PRODUCT_BUNDLE_IDENTIFIER = com.codepath.InstagramUITests;
				PRODUCT_NAME = "$(TARGET_NAME)";
				TARGETED_DEVICE_FAMILY = "1,2";
				TEST_TARGET_NAME = Instagram;
			};
			name = Debug;
		};
		BB08C17E2694E82600943034 /* Release */ = {
			isa = XCBuildConfiguration;
			buildSettings = {
				CODE_SIGN_STYLE = Automatic;
				DEVELOPMENT_TEAM = GL963PV45Q;
				INFOPLIST_FILE = InstagramUITests/Info.plist;
				LD_RUNPATH_SEARCH_PATHS = (
					"$(inherited)",
					"@executable_path/Frameworks",
					"@loader_path/Frameworks",
				);
				PRODUCT_BUNDLE_IDENTIFIER = com.codepath.InstagramUITests;
				PRODUCT_NAME = "$(TARGET_NAME)";
				TARGETED_DEVICE_FAMILY = "1,2";
				TEST_TARGET_NAME = Instagram;
			};
			name = Release;
		};
/* End XCBuildConfiguration section */

/* Begin XCConfigurationList section */
		BB08C1422694E82400943034 /* Build configuration list for PBXProject "Instagram" */ = {
			isa = XCConfigurationList;
			buildConfigurations = (
				BB08C1742694E82600943034 /* Debug */,
				BB08C1752694E82600943034 /* Release */,
			);
			defaultConfigurationIsVisible = 0;
			defaultConfigurationName = Release;
		};
		BB08C1762694E82600943034 /* Build configuration list for PBXNativeTarget "Instagram" */ = {
			isa = XCConfigurationList;
			buildConfigurations = (
				BB08C1772694E82600943034 /* Debug */,
				BB08C1782694E82600943034 /* Release */,
			);
			defaultConfigurationIsVisible = 0;
			defaultConfigurationName = Release;
		};
		BB08C1792694E82600943034 /* Build configuration list for PBXNativeTarget "InstagramTests" */ = {
			isa = XCConfigurationList;
			buildConfigurations = (
				BB08C17A2694E82600943034 /* Debug */,
				BB08C17B2694E82600943034 /* Release */,
			);
			defaultConfigurationIsVisible = 0;
			defaultConfigurationName = Release;
		};
		BB08C17C2694E82600943034 /* Build configuration list for PBXNativeTarget "InstagramUITests" */ = {
			isa = XCConfigurationList;
			buildConfigurations = (
				BB08C17D2694E82600943034 /* Debug */,
				BB08C17E2694E82600943034 /* Release */,
			);
			defaultConfigurationIsVisible = 0;
			defaultConfigurationName = Release;
		};
/* End XCConfigurationList section */
	};
	rootObject = BB08C13F2694E82400943034 /* Project object */;
}
